{
  "name": "stream-sorting",
  "version": "0.0.0",
  "lockfileVersion": 3,
  "requires": true,
  "packages": {
    "": {
      "name": "stream-sorting",
      "version": "0.0.0",
      "license": "BSD-3-Clause",
      "dependencies": {
        "stream-chain": "^4.2.5",
        "stream-join": "^2.0.0"
      },
      "devDependencies": {
        "@types/node": "^26.0.1",
        "prettier": "^3.8.5",
        "tape-six": "^1.10.1",
        "typescript": "^6.0.3"
      },
      "engines": {
        "node": ">=22"
      },
      "funding": {
        "url": "https://github.com/sponsors/uhop"
      }
    },
    "node_modules/@types/node": {
      "version": "26.0.1",
      "resolved": "https://registry.npmjs.org/@types/node/-/node-26.0.1.tgz",
      "integrity": "sha512-fc3KiUoBt6kie0N9bIW3E47vZsuaMf0PM2AaUpLCLT0s/LvX1nxAim6Fc049cNxODPpGm6qRAuUOB86SkRuPQw==",
      "dev": true,
      "license": "MIT",
      "dependencies": {
        "undici-types": "~8.3.0"
      }
    },
    "node_modules/nano-binary-search": {
      "version": "1.0.14",
      "resolved": "https://registry.npmjs.org/nano-binary-search/-/nano-binary-search-1.0.14.tgz",
      "integrity": "sha512-aUztN8qMGsRqwQnBYanSvox6QLKV5sJjyT7rkF9tE0q7Gx+bd2OkEPOlrEWSMju+8fWYHV7Epmj9PcHik7yTGA==",
      "license": "BSD-3-Clause",
      "funding": {
        "type": "github",
        "url": "https://github.com/sponsors/uhop"
      }
    },
    "node_modules/prettier": {
      "version": "3.8.5",
      "resolved": "https://registry.npmjs.org/prettier/-/prettier-3.8.5.tgz",
      "integrity": "sha512-zxcTTCedNGJM4R8sj/Cq/F0W/c4iE0afWBcBwMTRtw4WHYP9TWkYjdiH3npPRUYsXQCPR0hTU9yjovOu+E6EQA==",
      "dev": true,
      "license": "MIT",
      "bin": {
        "prettier": "bin/prettier.cjs"
      },
      "engines": {
        "node": ">=14"
      },
      "funding": {
        "url": "https://github.com/prettier/prettier?sponsor=1"
      }
    },
    "node_modules/stream-chain": {
      "version": "4.2.5",
      "resolved": "https://registry.npmjs.org/stream-chain/-/stream-chain-4.2.5.tgz",
      "integrity": "sha512-Wtyq3bNE3ggLR0v2vftqvuhltym3WbZAkZpfIrkr5F/6vpeUmWmwTgXa16zD87gpahwJ/Qulq3zVfUlgIc0J2A==",
      "license": "BSD-3-Clause",
      "engines": {
        "node": ">=22"
      },
      "funding": {
        "url": "https://github.com/sponsors/uhop"
      }
    },
    "node_modules/stream-join": {
      "version": "2.0.0",
      "resolved": "https://registry.npmjs.org/stream-join/-/stream-join-2.0.0.tgz",
      "integrity": "sha512-CpUJABDkB5iJoXfxhirvur9VHTa/S6X4WSVYnWAHNPmdCelf18/VMDoCYsO3YmxSucBjE3ODgGrk+4OHmzmVtQ==",
      "license": "BSD-3-Clause",
      "dependencies": {
        "nano-binary-search": "^1.0.14",
        "stream-chain": "^4.0.2"
      },
      "engines": {
        "node": ">=22"
      },
      "funding": {
        "url": "https://github.com/sponsors/uhop"
      }
    },
    "node_modules/tape-six": {
      "version": "1.10.1",
      "resolved": "https://registry.npmjs.org/tape-six/-/tape-six-1.10.1.tgz",
      "integrity": "sha512-tP7I7ShmSJdo8ObNjINKVL3JHhGL82nRTbAQMg07pjDhzBVlHIJ1G9iwaJNnyfolNHo81MrDN7ix6N22BdR9Xw==",
      "dev": true,
      "license": "BSD-3-Clause",
      "bin": {
        "tape6": "bin/tape6.js",
        "tape6-bun": "bin/tape6-bun.js",
        "tape6-deno": "bin/tape6-deno.js",
        "tape6-node": "bin/tape6-node.js",
        "tape6-runner": "bin/tape6-runner.js",
        "tape6-seq": "bin/tape6-seq.js",
        "tape6-server": "bin/tape6-server.js"
      },
      "funding": {
        "url": "https://github.com/sponsors/uhop"
      }
    },
    "node_modules/typescript": {
      "version": "6.0.3",
      "resolved": "https://registry.npmjs.org/typescript/-/typescript-6.0.3.tgz",
      "integrity": "sha512-y2TvuxSZPDyQakkFRPZHKFm+KKVqIisdg9/CZwm9ftvKXLP8NRWj38/ODjNbr43SsoXqNuAisEf1GdCxqWcdBw==",
      "dev": true,
      "license": "Apache-2.0",
      "bin": {
        "tsc": "bin/tsc",
        "tsserver": "bin/tsserver"
      },
      "engines": {
        "node": ">=14.17"
      }
    },
    "node_modules/undici-types": {
      "version": "8.3.0",
      "resolved": "https://registry.npmjs.org/undici-types/-/undici-types-8.3.0.tgz",
      "integrity": "sha512-j375ScV60dom+YkPFIfTLcOiPxkN/buHz5GobjLhixFuANaNs3C9l4GmrWqejgXWJ7BbJcFYpTEUkS1Ge8bpZQ==",
      "dev": true,
      "license": "MIT"
    }
  }
}
